
Microsoft Visual Studio Solution File, Format Version 12.00
# Visual Studio Version 17
VisualStudioVersion = 17.5.002.0
MinimumVisualStudioVersion = 10.0.40219.1
Project("{9A19103F-16F7-4668-BE54-9A1E7A4F7556}") = "Simple_Api_Assessment", "Simple_Api_Assessment.csproj", "{4FA9F41D-C800-4F38-ACBD-1920ECC46F91}"
EndProject
Global
	GlobalSection(SolutionConfigurationPlatforms) = preSolution
		Debug|Any CPU = Debug|Any CPU
		Release|Any CPU = Release|Any CPU
	EndGlobalSection
	GlobalSection(ProjectConfigurationPlatforms) = postSolution
		{4FA9F41D-C800-4F38-ACBD-1920ECC46F91}.Debug|Any CPU.ActiveCfg = Debug|Any CPU
		{4FA9F41D-C800-4F38-ACBD-1920ECC46F91}.Debug|Any CPU.Build.0 = Debug|Any CPU
		{4FA9F41D-C800-4F38-ACBD-1920ECC46F91}.Release|Any CPU.ActiveCfg = Release|Any CPU
		{4FA9F41D-C800-4F38-ACBD-1920ECC46F91}.Release|Any CPU.Build.0 = Release|Any CPU
	EndGlobalSection
	GlobalSection(SolutionProperties) = preSolution
		HideSolutionNode = FALSE
	EndGlobalSection
	GlobalSection(ExtensibilityGlobals) = postSolution
		SolutionGuid = {DADF419D-403E-4401-9415-A6CCCA8F2B09}
	EndGlobalSection
EndGlobal
